
Microsoft Visual Studio Solution File, Format Version 12.00
# Visual Studio Version 16
VisualStudioVersion = 16.0.29025.244
MinimumVisualStudioVersion = 10.0.40219.1
Project("{FAE04EC0-301F-11D3-BF4B-00C04F79EFBC}") = "ElephantBackup", "ElephantBackup.csproj", "{50926FB9-7DFE-42BF-A7A1-48447F019EBC}"
EndProject
Project("{2150E333-8FDC-42A3-9474-1A3956D46DE8}") = "Solution Items", "Solution Items", "{7D7180F0-3839-493F-BE14-2D57BC93AD38}"
	ProjectSection(SolutionItems) = preProject
		LICENSE = LICENSE
		README.md = README.md
	EndProjectSection
EndProject
Global
	GlobalSection(SolutionConfigurationPlatforms) = preSolution
		Debug|Any CPU = Debug|Any CPU
		Release|Any CPU = Release|Any CPU
	EndGlobalSection
	GlobalSection(ProjectConfigurationPlatforms) = postSolution
		{50926FB9-7DFE-42BF-A7A1-48447F019EBC}.Debug|Any CPU.ActiveCfg = Debug|Any CPU
		{50926FB9-7DFE-42BF-A7A1-48447F019EBC}.Debug|Any CPU.Build.0 = Debug|Any CPU
		{50926FB9-7DFE-42BF-A7A1-48447F019EBC}.Release|Any CPU.ActiveCfg = Release|Any CPU
		{50926FB9-7DFE-42BF-A7A1-48447F019EBC}.Release|Any CPU.Build.0 = Release|Any CPU
	EndGlobalSection
	GlobalSection(SolutionProperties) = preSolution
		HideSolutionNode = FALSE
	EndGlobalSection
	GlobalSection(ExtensibilityGlobals) = postSolution
		SolutionGuid = {BCF8C6E9-AA63-45FB-AB98-201BA4740DFC}
	EndGlobalSection
EndGlobal
